
Microsoft Visual Studio Solution File, Format Version 12.00
# Visual Studio 15
VisualStudioVersion = 15.0.28307.168
MinimumVisualStudioVersion = 10.0.40219.1
Project("{FAE04EC0-301F-11D3-BF4B-00C04F79EFBC}") = "GenericListExercise", "GenericListExercise\GenericListExercise.csproj", "{CAEF8210-5C5F-4927-BF33-D6896E4BEF3E}"
EndProject
Global
	GlobalSection(SolutionConfigurationPlatforms) = preSolution
		Debug|Any CPU = Debug|Any CPU
		Release|Any CPU = Release|Any CPU
	EndGlobalSection
	GlobalSection(ProjectConfigurationPlatforms) = postSolution
		{CAEF8210-5C5F-4927-BF33-D6896E4BEF3E}.Debug|Any CPU.ActiveCfg = Debug|Any CPU
		{CAEF8210-5C5F-4927-BF33-D6896E4BEF3E}.Debug|Any CPU.Build.0 = Debug|Any CPU
		{CAEF8210-5C5F-4927-BF33-D6896E4BEF3E}.Release|Any CPU.ActiveCfg = Release|Any CPU
		{CAEF8210-5C5F-4927-BF33-D6896E4BEF3E}.Release|Any CPU.Build.0 = Release|Any CPU
	EndGlobalSection
	GlobalSection(SolutionProperties) = preSolution
		HideSolutionNode = FALSE
	EndGlobalSection
	GlobalSection(ExtensibilityGlobals) = postSolution
		SolutionGuid = {E118D8CF-9631-485F-9CF8-041A31E49D1D}
	EndGlobalSection
EndGlobal
